# Python >= 3.10. Быстрый режим (code/run.sh) использует ТОЛЬКО стандартную
# библиотеку (csv, json, math, pathlib) - внешних зависимостей нет.
#
# Полный режим (пересоздание зональных агрегатов из растров GHSL и OSM;
# запускается из корня репозитория BY_maps, см. README.md) фиксировался
# в окружении: rasterio==1.4.4, numpy==2.4.6, scipy==1.17.1,
# osmium==4.3.1 (pyosmium), shapely==2.1.2, pillow==12.3.0.
