# Python >= 3.10. В отличие от пакета aging, этот расчёт НЕ ограничен
# стандартной библиотекой: gate_g2 (сверка суммы районов с независимым
# пересчётом области) прогоняет CCMPP-движок через etl.forecast.run,
# который читает сценарии etl/forecast/scenarios/*.yaml, и модуля
# только для этого требуется PyYAML.
#
# Зафиксировано в окружении сборки пакета:
pyyaml==6.0.3
