# Python >= 3.10. Быстрый режим (code/run.sh) использует ТОЛЬКО стандартную
# библиотеку (csv, json, pathlib) - внешних зависимостей нет. Тот же принцип,
# что у пакета by-maps-urban-overhang.
#
# Полный режим (пересоздание клеток из тайлов GHS-POP: code/extract/*.py,
# запускается из корня репозитория BY_maps, см. README.md) фиксировался в
# окружении: rasterio==1.4.4, numpy==2.4.6, scipy==1.17.1, shapely==2.1.2,
# pillow==12.3.0.
